// !$*UTF8*$!
{
	archiveVersion = 1;
	classes = {
	};
	objectVersion = 46;
	objects = {

/* Begin PBXBuildFile section */
		CB3FE4B016C2692900EEE394 /* QuartzCore.framework in Frameworks */ = {isa = PBXBuildFile; fileRef = CB3FE4AF16C2692900EEE394 /* QuartzCore.framework */; };
		CB3FE4B216C2692900EEE394 /* OpenGLES.framework in Frameworks */ = {isa = PBXBuildFile; fileRef = CB3FE4B116C2692900EEE394 /* OpenGLES.framework */; };
		CB3FE4B416C2692900EEE394 /* OpenAL.framework in Frameworks */ = {isa = PBXBuildFile; fileRef = CB3FE4B316C2692900EEE394 /* OpenAL.framework */; };
		CB3FE4B616C2692900EEE394 /* AudioToolbox.framework in Frameworks */ = {isa = PBXBuildFile; fileRef = CB3FE4B516C2692900EEE394 /* AudioToolbox.framework */; };
		CB3FE4B816C2692900EEE394 /* AVFoundation.framework in Frameworks */ = {isa = PBXBuildFile; fileRef = CB3FE4B716C2692900EEE394 /* AVFoundation.framework */; };
		CB3FE4BA16C2692900EEE394 /* UIKit.framework in Frameworks */ = {isa = PBXBuildFile; fileRef = CB3FE4B916C2692900EEE394 /* UIKit.framework */; };
		CB3FE4BC16C2692900EEE394 /* Foundation.framework in Frameworks */ = {isa = PBXBuildFile; fileRef = CB3FE4BB16C2692900EEE394 /* Foundation.framework */; };
		CB3FE4BE16C2692900EEE394 /* CoreGraphics.framework in Frameworks */ = {isa = PBXBuildFile; fileRef = CB3FE4BD16C2692900EEE394 /* CoreGraphics.framework */; };
		CB3FE4C016C2692900EEE394 /* GameKit.framework in Frameworks */ = {isa = PBXBuildFile; fileRef = CB3FE4BF16C2692900EEE394 /* GameKit.framework */; };
		CB3FE4C416C2692900EEE394 /* Default.png in Resources */ = {isa = PBXBuildFile; fileRef = CB3FE4C316C2692900EEE394 /* Default.png */; };
		CB3FE4C616C2692900EEE394 /* Default@2x.png in Resources */ = {isa = PBXBuildFile; fileRef = CB3FE4C516C2692900EEE394 /* Default@2x.png */; };
		CB3FE4C816C2692900EEE394 /* Default-568h@2x.png in Resources */ = {isa = PBXBuildFile; fileRef = CB3FE4C716C2692900EEE394 /* Default-568h@2x.png */; };
		CB3FE4CA16C2692900EEE394 /* Default-Landscape~ipad.png in Resources */ = {isa = PBXBuildFile; fileRef = CB3FE4C916C2692900EEE394 /* Default-Landscape~ipad.png */; };
		CB3FE4CC16C2692900EEE394 /* Icon-72.png in Resources */ = {isa = PBXBuildFile; fileRef = CB3FE4CB16C2692900EEE394 /* Icon-72.png */; };
		CB3FE4CE16C2692900EEE394 /* Icon-Small-50.png in Resources */ = {isa = PBXBuildFile; fileRef = CB3FE4CD16C2692900EEE394 /* Icon-Small-50.png */; };
		CB3FE4D016C2692900EEE394 /* Icon-Small.png in Resources */ = {isa = PBXBuildFile; fileRef = CB3FE4CF16C2692900EEE394 /* Icon-Small.png */; };
		CB3FE4D216C2692900EEE394 /* Icon-Small@2x.png in Resources */ = {isa = PBXBuildFile; fileRef = CB3FE4D116C2692900EEE394 /* Icon-Small@2x.png */; };
		CB3FE4D416C2692900EEE394 /* Icon.png in Resources */ = {isa = PBXBuildFile; fileRef = CB3FE4D316C2692900EEE394 /* Icon.png */; };
		CB3FE4D616C2692900EEE394 /* Icon@2x.png in Resources */ = {isa = PBXBuildFile; fileRef = CB3FE4D516C2692900EEE394 /* Icon@2x.png */; };
		CB3FE4D916C2692900EEE394 /* iTunesArtwork in Resources */ = {isa = PBXBuildFile; fileRef = CB3FE4D816C2692900EEE394 /* iTunesArtwork */; };
		CB3FE64E16C2692A00EEE394 /* main.m in Sources */ = {isa = PBXBuildFile; fileRef = CB3FE64D16C2692A00EEE394 /* main.m */; };
		CB3FE65116C2692A00EEE394 /* AppDelegate.m in Sources */ = {isa = PBXBuildFile; fileRef = CB3FE65016C2692A00EEE394 /* AppDelegate.m */; };
		CB3FE65416C2692A00EEE394 /* HelloWorldLayer.m in Sources */ = {isa = PBXBuildFile; fileRef = CB3FE65316C2692A00EEE394 /* HelloWorldLayer.m */; };
		CB3FE65716C2692A00EEE394 /* IntroLayer.m in Sources */ = {isa = PBXBuildFile; fileRef = CB3FE65616C2692A00EEE394 /* IntroLayer.m */; };
		CB3FE68116C26AE500EEE394 /* libcocos2d.a in Frameworks */ = {isa = PBXBuildFile; fileRef = CB3FE67216C26AC800EEE394 /* libcocos2d.a */; };
		CB3FE68216C26AE500EEE394 /* libCocosDenshion.a in Frameworks */ = {isa = PBXBuildFile; fileRef = CB3FE67A16C26AC800EEE394 /* libCocosDenshion.a */; };
		CB3FE68B16C26C0200EEE394 /* hit.caf in Resources */ = {isa = PBXBuildFile; fileRef = CB3FE68416C26C0200EEE394 /* hit.caf */; };
		CB3FE68C16C26C0200EEE394 /* meta_tiles.png in Resources */ = {isa = PBXBuildFile; fileRef = CB3FE68516C26C0200EEE394 /* meta_tiles.png */; };
		CB3FE68D16C26C0200EEE394 /* move.caf in Resources */ = {isa = PBXBuildFile; fileRef = CB3FE68616C26C0200EEE394 /* move.caf */; };
		CB3FE68E16C26C0200EEE394 /* pickup.caf in Resources */ = {isa = PBXBuildFile; fileRef = CB3FE68716C26C0200EEE394 /* pickup.caf */; };
		CB3FE68F16C26C0200EEE394 /* Player.png in Resources */ = {isa = PBXBuildFile; fileRef = CB3FE68816C26C0200EEE394 /* Player.png */; };
		CB3FE69016C26C0200EEE394 /* TileMap.caf in Resources */ = {isa = PBXBuildFile; fileRef = CB3FE68916C26C0200EEE394 /* TileMap.caf */; };
		CB3FE69116C26C0200EEE394 /* tmw_desert_spacing.png in Resources */ = {isa = PBXBuildFile; fileRef = CB3FE68A16C26C0200EEE394 /* tmw_desert_spacing.png */; };
/* End PBXBuildFile section */

/* Begin PBXContainerItemProxy section */
		CB3FE66B16C26AC800EEE394 /* PBXContainerItemProxy */ = {
			isa = PBXContainerItemProxy;
			containerPortal = CB3FE65D16C26AC800EEE394 /* cocos2d-ios.xcodeproj */;
			proxyType = 2;
			remoteGlobalIDString = 509807081175041800EA7266;
			remoteInfo = "build all libs";
		};
		CB3FE66D16C26AC800EEE394 /* PBXContainerItemProxy */ = {
			isa = PBXContainerItemProxy;
			containerPortal = CB3FE65D16C26AC800EEE394 /* cocos2d-ios.xcodeproj */;
			proxyType = 2;
			remoteGlobalIDString = 504225700FC0B39C00B992F7;
			remoteInfo = box2d;
		};
		CB3FE66F16C26AC800EEE394 /* PBXContainerItemProxy */ = {
			isa = PBXContainerItemProxy;
			containerPortal = CB3FE65D16C26AC800EEE394 /* cocos2d-ios.xcodeproj */;
			proxyType = 2;
			remoteGlobalIDString = 50B2C4D10E100AEA00AE9530;
			remoteInfo = Chipmunk;
		};
		CB3FE67116C26AC800EEE394 /* PBXContainerItemProxy */ = {
			isa = PBXContainerItemProxy;
			containerPortal = CB3FE65D16C26AC800EEE394 /* cocos2d-ios.xcodeproj */;
			proxyType = 2;
			remoteGlobalIDString = 5018F24D0DFDEAC400C013A5;
			remoteInfo = cocos2d;
		};
		CB3FE67316C26AC800EEE394 /* PBXContainerItemProxy */ = {
			isa = PBXContainerItemProxy;
			containerPortal = CB3FE65D16C26AC800EEE394 /* cocos2d-ios.xcodeproj */;
			proxyType = 2;
			remoteGlobalIDString = A0EFA7AC169CDF9C006D1B22;
			remoteInfo = cocos2d_box2d;
		};
		CB3FE67516C26AC800EEE394 /* PBXContainerItemProxy */ = {
			isa = PBXContainerItemProxy;
			containerPortal = CB3FE65D16C26AC800EEE394 /* cocos2d-ios.xcodeproj */;
			proxyType = 2;
			remoteGlobalIDString = A0EFA886169CDFA4006D1B22;
			remoteInfo = cocos2d_chipmunk;
		};
		CB3FE67716C26AC800EEE394 /* PBXContainerItemProxy */ = {
			isa = PBXContainerItemProxy;
			containerPortal = CB3FE65D16C26AC800EEE394 /* cocos2d-ios.xcodeproj */;
			proxyType = 2;
			remoteGlobalIDString = 502C65EE0DFEF3DD00E4107D;
			remoteInfo = "cocos2d-documentation";
		};
		CB3FE67916C26AC800EEE394 /* PBXContainerItemProxy */ = {
			isa = PBXContainerItemProxy;
			containerPortal = CB3FE65D16C26AC800EEE394 /* cocos2d-ios.xcodeproj */;
			proxyType = 2;
			remoteGlobalIDString = 50CB2FCA1004C8B100B7A750;
			remoteInfo = CocosDenshion;
		};
		CB3FE67B16C26AC800EEE394 /* PBXContainerItemProxy */ = {
			isa = PBXContainerItemProxy;
			containerPortal = CB3FE65D16C26AC800EEE394 /* cocos2d-ios.xcodeproj */;
			proxyType = 2;
			remoteGlobalIDString = A02900ED15B5FA9E00D64F82;
			remoteInfo = CocosBuilderReader;
		};
		CB3FE67D16C26AC800EEE394 /* PBXContainerItemProxy */ = {
			isa = PBXContainerItemProxy;
			containerPortal = CB3FE65D16C26AC800EEE394 /* cocos2d-ios.xcodeproj */;
			proxyType = 2;
			remoteGlobalIDString = A031B73915D9BD0800E1986C;
			remoteInfo = jsbindings;
		};
		CB3FE67F16C26AC800EEE394 /* PBXContainerItemProxy */ = {
			isa = PBXContainerItemProxy;
			containerPortal = CB3FE65D16C26AC800EEE394 /* cocos2d-ios.xcodeproj */;
			proxyType = 2;
			remoteGlobalIDString = A04A1FEB13B826B300ABAFB7;
			remoteInfo = kazmath;
		};
/* End PBXContainerItemProxy section */

/* Begin PBXFileReference section */
		CB3FE4AC16C2692900EEE394 /* TileGame.app */ = {isa = PBXFileReference; explicitFileType = wrapper.application; includeInIndex = 0; path = TileGame.app; sourceTree = BUILT_PRODUCTS_DIR; };
		CB3FE4AF16C2692900EEE394 /* QuartzCore.framework */ = {isa = PBXFileReference; lastKnownFileType = wrapper.framework; name = QuartzCore.framework; path = System/Library/Frameworks/QuartzCore.framework; sourceTree = SDKROOT; };
		CB3FE4B116C2692900EEE394 /* OpenGLES.framework */ = {isa = PBXFileReference; lastKnownFileType = wrapper.framework; name = OpenGLES.framework; path = System/Library/Frameworks/OpenGLES.framework; sourceTree = SDKROOT; };
		CB3FE4B316C2692900EEE394 /* OpenAL.framework */ = {isa = PBXFileReference; lastKnownFileType = wrapper.framework; name = OpenAL.framework; path = System/Library/Frameworks/OpenAL.framework; sourceTree = SDKROOT; };
		CB3FE4B516C2692900EEE394 /* AudioToolbox.framework */ = {isa = PBXFileReference; lastKnownFileType = wrapper.framework; name = AudioToolbox.framework; path = System/Library/Frameworks/AudioToolbox.framework; sourceTree = SDKROOT; };
		CB3FE4B716C2692900EEE394 /* AVFoundation.framework */ = {isa = PBXFileReference; lastKnownFileType = wrapper.framework; name = AVFoundation.framework; path = System/Library/Frameworks/AVFoundation.framework; sourceTree = SDKROOT; };
		CB3FE4B916C2692900EEE394 /* UIKit.framework */ = {isa = PBXFileReference; lastKnownFileType = wrapper.framework; name = UIKit.framework; path = System/Library/Frameworks/UIKit.framework; sourceTree = SDKROOT; };
		CB3FE4BB16C2692900EEE394 /* Foundation.framework */ = {isa = PBXFileReference; lastKnownFileType = wrapper.framework; name = Foundation.framework; path = System/Library/Frameworks/Foundation.framework; sourceTree = SDKROOT; };
		CB3FE4BD16C2692900EEE394 /* CoreGraphics.framework */ = {isa = PBXFileReference; lastKnownFileType = wrapper.framework; name = CoreGraphics.framework; path = System/Library/Frameworks/CoreGraphics.framework; sourceTree = SDKROOT; };
		CB3FE4BF16C2692900EEE394 /* GameKit.framework */ = {isa = PBXFileReference; lastKnownFileType = wrapper.framework; name = GameKit.framework; path = System/Library/Frameworks/GameKit.framework; sourceTree = SDKROOT; };
		CB3FE4C316C2692900EEE394 /* Default.png */ = {isa = PBXFileReference; lastKnownFileType = image.png; name = Default.png; path = Resources/Default.png; sourceTree = "<group>"; };
		CB3FE4C516C2692900EEE394 /* Default@2x.png */ = {isa = PBXFileReference; lastKnownFileType = image.png; name = "Default@2x.png"; path = "Resources/Default@2x.png"; sourceTree = "<group>"; };
		CB3FE4C716C2692900EEE394 /* Default-568h@2x.png */ = {isa = PBXFileReference; lastKnownFileType = image.png; name = "Default-568h@2x.png"; path = "Resources/Default-568h@2x.png"; sourceTree = "<group>"; };
		CB3FE4C916C2692900EEE394 /* Default-Landscape~ipad.png */ = {isa = PBXFileReference; lastKnownFileType = image.png; name = "Default-Landscape~ipad.png"; path = "Resources/Default-Landscape~ipad.png"; sourceTree = "<group>"; };
		CB3FE4CB16C2692900EEE394 /* Icon-72.png */ = {isa = PBXFileReference; lastKnownFileType = image.png; name = "Icon-72.png"; path = "Resources/Icon-72.png"; sourceTree = "<group>"; };
		CB3FE4CD16C2692900EEE394 /* Icon-Small-50.png */ = {isa = PBXFileReference; lastKnownFileType = image.png; name = "Icon-Small-50.png"; path = "Resources/Icon-Small-50.png"; sourceTree = "<group>"; };
		CB3FE4CF16C2692900EEE394 /* Icon-Small.png */ = {isa = PBXFileReference; lastKnownFileType = image.png; name = "Icon-Small.png"; path = "Resources/Icon-Small.png"; sourceTree = "<group>"; };
		CB3FE4D116C2692900EEE394 /* Icon-Small@2x.png */ = {isa = PBXFileReference; lastKnownFileType = image.png; name = "Icon-Small@2x.png"; path = "Resources/Icon-Small@2x.png"; sourceTree = "<group>"; };
		CB3FE4D316C2692900EEE394 /* Icon.png */ = {isa = PBXFileReference; lastKnownFileType = image.png; name = Icon.png; path = Resources/Icon.png; sourceTree = "<group>"; };
		CB3FE4D516C2692900EEE394 /* Icon@2x.png */ = {isa = PBXFileReference; lastKnownFileType = image.png; name = "Icon@2x.png"; path = "Resources/Icon@2x.png"; sourceTree = "<group>"; };
		CB3FE4D716C2692900EEE394 /* Info.plist */ = {isa = PBXFileReference; lastKnownFileType = text.plist.xml; name = Info.plist; path = Resources/Info.plist; sourceTree = "<group>"; };
		CB3FE4D816C2692900EEE394 /* iTunesArtwork */ = {isa = PBXFileReference; lastKnownFileType = file; name = iTunesArtwork; path = Resources/iTunesArtwork; sourceTree = "<group>"; };
		CB3FE64C16C2692A00EEE394 /* Prefix.pch */ = {isa = PBXFileReference; lastKnownFileType = sourcecode.c.h; path = Prefix.pch; sourceTree = "<group>"; };
		CB3FE64D16C2692A00EEE394 /* main.m */ = {isa = PBXFileReference; lastKnownFileType = sourcecode.c.objc; path = main.m; sourceTree = "<group>"; };
		CB3FE64F16C2692A00EEE394 /* AppDelegate.h */ = {isa = PBXFileReference; lastKnownFileType = sourcecode.c.h; path = AppDelegate.h; sourceTree = "<group>"; };
		CB3FE65016C2692A00EEE394 /* AppDelegate.m */ = {isa = PBXFileReference; lastKnownFileType = sourcecode.c.objc; path = AppDelegate.m; sourceTree = "<group>"; };
		CB3FE65216C2692A00EEE394 /* HelloWorldLayer.h */ = {isa = PBXFileReference; lastKnownFileType = sourcecode.c.h; path = HelloWorldLayer.h; sourceTree = "<group>"; };
		CB3FE65316C2692A00EEE394 /* HelloWorldLayer.m */ = {isa = PBXFileReference; lastKnownFileType = sourcecode.c.objc; path = HelloWorldLayer.m; sourceTree = "<group>"; };
		CB3FE65516C2692A00EEE394 /* IntroLayer.h */ = {isa = PBXFileReference; lastKnownFileType = sourcecode.c.h; path = IntroLayer.h; sourceTree = "<group>"; };
		CB3FE65616C2692A00EEE394 /* IntroLayer.m */ = {isa = PBXFileReference; lastKnownFileType = sourcecode.c.objc; path = IntroLayer.m; sourceTree = "<group>"; };
		CB3FE65D16C26AC800EEE394 /* cocos2d-ios.xcodeproj */ = {isa = PBXFileReference; lastKnownFileType = "wrapper.pb-project"; name = "cocos2d-ios.xcodeproj"; path = "../../../Downloads/cocos2d-iphone-2.1-rc0/cocos2d-ios.xcodeproj"; sourceTree = "<group>"; };
		CB3FE68416C26C0200EEE394 /* hit.caf */ = {isa = PBXFileReference; lastKnownFileType = file; path = hit.caf; sourceTree = "<group>"; };
		CB3FE68516C26C0200EEE394 /* meta_tiles.png */ = {isa = PBXFileReference; lastKnownFileType = image.png; path = meta_tiles.png; sourceTree = "<group>"; };
		CB3FE68616C26C0200EEE394 /* move.caf */ = {isa = PBXFileReference; lastKnownFileType = file; path = move.caf; sourceTree = "<group>"; };
		CB3FE68716C26C0200EEE394 /* pickup.caf */ = {isa = PBXFileReference; lastKnownFileType = file; path = pickup.caf; sourceTree = "<group>"; };
		CB3FE68816C26C0200EEE394 /* Player.png */ = {isa = PBXFileReference; lastKnownFileType = image.png; path = Player.png; sourceTree = "<group>"; };
		CB3FE68916C26C0200EEE394 /* TileMap.caf */ = {isa = PBXFileReference; lastKnownFileType = file; path = TileMap.caf; sourceTree = "<group>"; };
		CB3FE68A16C26C0200EEE394 /* tmw_desert_spacing.png */ = {isa = PBXFileReference; lastKnownFileType = image.png; path = tmw_desert_spacing.png; sourceTree = "<group>"; };
/* End PBXFileReference section */

/* Begin PBXFrameworksBuildPhase section */
		CB3FE4A916C2692900EEE394 /* Frameworks */ = {
			isa = PBXFrameworksBuildPhase;
			buildActionMask = 2147483647;
			files = (
				CB3FE68116C26AE500EEE394 /* libcocos2d.a in Frameworks */,
				CB3FE68216C26AE500EEE394 /* libCocosDenshion.a in Frameworks */,
				CB3FE4B016C2692900EEE394 /* QuartzCore.framework in Frameworks */,
				CB3FE4B216C2692900EEE394 /* OpenGLES.framework in Frameworks */,
				CB3FE4B416C2692900EEE394 /* OpenAL.framework in Frameworks */,
				CB3FE4B616C2692900EEE394 /* AudioToolbox.framework in Frameworks */,
				CB3FE4B816C2692900EEE394 /* AVFoundation.framework in Frameworks */,
				CB3FE4BA16C2692900EEE394 /* UIKit.framework in Frameworks */,
				CB3FE4BC16C2692900EEE394 /* Foundation.framework in Frameworks */,
				CB3FE4BE16C2692900EEE394 /* CoreGraphics.framework in Frameworks */,
				CB3FE4C016C2692900EEE394 /* GameKit.framework in Frameworks */,
			);
			runOnlyForDeploymentPostprocessing = 0;
		};
/* End PBXFrameworksBuildPhase section */

/* Begin PBXGroup section */
		CB3FE4A316C2692900EEE394 = {
			isa = PBXGroup;
			children = (
				CB3FE4C116C2692900EEE394 /* TileGame */,
				CB3FE4AE16C2692900EEE394 /* Frameworks */,
				CB3FE4AD16C2692900EEE394 /* Products */,
				CB3FE65D16C26AC800EEE394 /* cocos2d-ios.xcodeproj */,
			);
			sourceTree = "<group>";
		};
		CB3FE4AD16C2692900EEE394 /* Products */ = {
			isa = PBXGroup;
			children = (
				CB3FE4AC16C2692900EEE394 /* TileGame.app */,
			);
			name = Products;
			sourceTree = "<group>";
		};
		CB3FE4AE16C2692900EEE394 /* Frameworks */ = {
			isa = PBXGroup;
			children = (
				CB3FE4AF16C2692900EEE394 /* QuartzCore.framework */,
				CB3FE4B116C2692900EEE394 /* OpenGLES.framework */,
				CB3FE4B316C2692900EEE394 /* OpenAL.framework */,
				CB3FE4B516C2692900EEE394 /* AudioToolbox.framework */,
				CB3FE4B716C2692900EEE394 /* AVFoundation.framework */,
				CB3FE4B916C2692900EEE394 /* UIKit.framework */,
				CB3FE4BB16C2692900EEE394 /* Foundation.framework */,
				CB3FE4BD16C2692900EEE394 /* CoreGraphics.framework */,
				CB3FE4BF16C2692900EEE394 /* GameKit.framework */,
			);
			name = Frameworks;
			sourceTree = "<group>";
		};
		CB3FE4C116C2692900EEE394 /* TileGame */ = {
			isa = PBXGroup;
			children = (
				CB3FE64F16C2692A00EEE394 /* AppDelegate.h */,
				CB3FE65016C2692A00EEE394 /* AppDelegate.m */,
				CB3FE65216C2692A00EEE394 /* HelloWorldLayer.h */,
				CB3FE65316C2692A00EEE394 /* HelloWorldLayer.m */,
				CB3FE65516C2692A00EEE394 /* IntroLayer.h */,
				CB3FE65616C2692A00EEE394 /* IntroLayer.m */,
				CB3FE4C216C2692900EEE394 /* Resources */,
				CB3FE64B16C2692A00EEE394 /* Supporting Files */,
			);
			path = TileGame;
			sourceTree = "<group>";
		};
		CB3FE4C216C2692900EEE394 /* Resources */ = {
			isa = PBXGroup;
			children = (
				CB3FE68316C26C0200EEE394 /* TileGameResources */,
				CB3FE4C316C2692900EEE394 /* Default.png */,
				CB3FE4C516C2692900EEE394 /* Default@2x.png */,
				CB3FE4C716C2692900EEE394 /* Default-568h@2x.png */,
				CB3FE4C916C2692900EEE394 /* Default-Landscape~ipad.png */,
				CB3FE4CB16C2692900EEE394 /* Icon-72.png */,
				CB3FE4CD16C2692900EEE394 /* Icon-Small-50.png */,
				CB3FE4CF16C2692900EEE394 /* Icon-Small.png */,
				CB3FE4D116C2692900EEE394 /* Icon-Small@2x.png */,
				CB3FE4D316C2692900EEE394 /* Icon.png */,
				CB3FE4D516C2692900EEE394 /* Icon@2x.png */,
				CB3FE4D716C2692900EEE394 /* Info.plist */,
				CB3FE4D816C2692900EEE394 /* iTunesArtwork */,
			);
			name = Resources;
			sourceTree = "<group>";
		};
		CB3FE64B16C2692A00EEE394 /* Supporting Files */ = {
			isa = PBXGroup;
			children = (
				CB3FE64C16C2692A00EEE394 /* Prefix.pch */,
				CB3FE64D16C2692A00EEE394 /* main.m */,
			);
			name = "Supporting Files";
			sourceTree = "<group>";
		};
		CB3FE65E16C26AC800EEE394 /* Products */ = {
			isa = PBXGroup;
			children = (
				CB3FE66C16C26AC800EEE394 /* libbuild all libs.a */,
				CB3FE66E16C26AC800EEE394 /* libbox2d.a */,
				CB3FE67016C26AC800EEE394 /* libChipmunk.a */,
				CB3FE67216C26AC800EEE394 /* libcocos2d.a */,
				CB3FE67416C26AC800EEE394 /* libcocos2d_box2d.a */,
				CB3FE67616C26AC800EEE394 /* libcocos2d_chipmunk.a */,
				CB3FE67816C26AC800EEE394 /* libcocos2d-documentation.a */,
				CB3FE67A16C26AC800EEE394 /* libCocosDenshion.a */,
				CB3FE67C16C26AC800EEE394 /* libCocosBuilderReader.a */,
				CB3FE67E16C26AC800EEE394 /* libjsbindings.a */,
				CB3FE68016C26AC800EEE394 /* libkazmath.a */,
			);
			name = Products;
			sourceTree = "<group>";
		};
		CB3FE68316C26C0200EEE394 /* TileGameResources */ = {
			isa = PBXGroup;
			children = (
				CB3FE68416C26C0200EEE394 /* hit.caf */,
				CB3FE68516C26C0200EEE394 /* meta_tiles.png */,
				CB3FE68616C26C0200EEE394 /* move.caf */,
				CB3FE68716C26C0200EEE394 /* pickup.caf */,
				CB3FE68816C26C0200EEE394 /* Player.png */,
				CB3FE68916C26C0200EEE394 /* TileMap.caf */,
				CB3FE68A16C26C0200EEE394 /* tmw_desert_spacing.png */,
			);
			path = TileGameResources;
			sourceTree = "<group>";
		};
/* End PBXGroup section */

/* Begin PBXNativeTarget section */
		CB3FE4AB16C2692900EEE394 /* TileGame */ = {
			isa = PBXNativeTarget;
			buildConfigurationList = CB3FE65A16C2692A00EEE394 /* Build configuration list for PBXNativeTarget "TileGame" */;
			buildPhases = (
				CB3FE4A816C2692900EEE394 /* Sources */,
				CB3FE4A916C2692900EEE394 /* Frameworks */,
				CB3FE4AA16C2692900EEE394 /* Resources */,
			);
			buildRules = (
			);
			dependencies = (
			);
			name = TileGame;
			productName = TileGame;
			productReference = CB3FE4AC16C2692900EEE394 /* TileGame.app */;
			productType = "com.apple.product-type.application";
		};
/* End PBXNativeTarget section */

/* Begin PBXProject section */
		CB3FE4A416C2692900EEE394 /* Project object */ = {
			isa = PBXProject;
			attributes = {
				LastUpgradeCheck = 0460;
				ORGANIZATIONNAME = charlie;
			};
			buildConfigurationList = CB3FE4A716C2692900EEE394 /* Build configuration list for PBXProject "TileGame" */;
			compatibilityVersion = "Xcode 3.2";
			developmentRegion = English;
			hasScannedForEncodings = 0;
			knownRegions = (
				en,
			);
			mainGroup = CB3FE4A316C2692900EEE394;
			productRefGroup = CB3FE4AD16C2692900EEE394 /* Products */;
			projectDirPath = "";
			projectReferences = (
				{
					ProductGroup = CB3FE65E16C26AC800EEE394 /* Products */;
					ProjectRef = CB3FE65D16C26AC800EEE394 /* cocos2d-ios.xcodeproj */;
				},
			);
			projectRoot = "";
			targets = (
				CB3FE4AB16C2692900EEE394 /* TileGame */,
			);
		};
/* End PBXProject section */

/* Begin PBXReferenceProxy section */
		CB3FE66C16C26AC800EEE394 /* libbuild all libs.a */ = {
			isa = PBXReferenceProxy;
			fileType = archive.ar;
			path = "libbuild all libs.a";
			remoteRef = CB3FE66B16C26AC800EEE394 /* PBXContainerItemProxy */;
			sourceTree = BUILT_PRODUCTS_DIR;
		};
		CB3FE66E16C26AC800EEE394 /* libbox2d.a */ = {
			isa = PBXReferenceProxy;
			fileType = archive.ar;
			path = libbox2d.a;
			remoteRef = CB3FE66D16C26AC800EEE394 /* PBXContainerItemProxy */;
			sourceTree = BUILT_PRODUCTS_DIR;
		};
		CB3FE67016C26AC800EEE394 /* libChipmunk.a */ = {
			isa = PBXReferenceProxy;
			fileType = archive.ar;
			path = libChipmunk.a;
			remoteRef = CB3FE66F16C26AC800EEE394 /* PBXContainerItemProxy */;
			sourceTree = BUILT_PRODUCTS_DIR;
		};
		CB3FE67216C26AC800EEE394 /* libcocos2d.a */ = {
			isa = PBXReferenceProxy;
			fileType = archive.ar;
			path = libcocos2d.a;
			remoteRef = CB3FE67116C26AC800EEE394 /* PBXContainerItemProxy */;
			sourceTree = BUILT_PRODUCTS_DIR;
		};
		CB3FE67416C26AC800EEE394 /* libcocos2d_box2d.a */ = {
			isa = PBXReferenceProxy;
			fileType = archive.ar;
			path = libcocos2d_box2d.a;
			remoteRef = CB3FE67316C26AC800EEE394 /* PBXContainerItemProxy */;
			sourceTree = BUILT_PRODUCTS_DIR;
		};
		CB3FE67616C26AC800EEE394 /* libcocos2d_chipmunk.a */ = {
			isa = PBXReferenceProxy;
			fileType = archive.ar;
			path = libcocos2d_chipmunk.a;
			remoteRef = CB3FE67516C26AC800EEE394 /* PBXContainerItemProxy */;
			sourceTree = BUILT_PRODUCTS_DIR;
		};
		CB3FE67816C26AC800EEE394 /* libcocos2d-documentation.a */ = {
			isa = PBXReferenceProxy;
			fileType = archive.ar;
			path = "libcocos2d-documentation.a";
			remoteRef = CB3FE67716C26AC800EEE394 /* PBXContainerItemProxy */;
			sourceTree = BUILT_PRODUCTS_DIR;
		};
		CB3FE67A16C26AC800EEE394 /* libCocosDenshion.a */ = {
			isa = PBXReferenceProxy;
			fileType = archive.ar;
			path = libCocosDenshion.a;
			remoteRef = CB3FE67916C26AC800EEE394 /* PBXContainerItemProxy */;
			sourceTree = BUILT_PRODUCTS_DIR;
		};
		CB3FE67C16C26AC800EEE394 /* libCocosBuilderReader.a */ = {
			isa = PBXReferenceProxy;
			fileType = archive.ar;
			path = libCocosBuilderReader.a;
			remoteRef = CB3FE67B16C26AC800EEE394 /* PBXContainerItemProxy */;
			sourceTree = BUILT_PRODUCTS_DIR;
		};
		CB3FE67E16C26AC800EEE394 /* libjsbindings.a */ = {
			isa = PBXReferenceProxy;
			fileType = archive.ar;
			path = libjsbindings.a;
			remoteRef = CB3FE67D16C26AC800EEE394 /* PBXContainerItemProxy */;
			sourceTree = BUILT_PRODUCTS_DIR;
		};
		CB3FE68016C26AC800EEE394 /* libkazmath.a */ = {
			isa = PBXReferenceProxy;
			fileType = archive.ar;
			path = libkazmath.a;
			remoteRef = CB3FE67F16C26AC800EEE394 /* PBXContainerItemProxy */;
			sourceTree = BUILT_PRODUCTS_DIR;
		};
/* End PBXReferenceProxy section */

/* Begin PBXResourcesBuildPhase section */
		CB3FE4AA16C2692900EEE394 /* Resources */ = {
			isa = PBXResourcesBuildPhase;
			buildActionMask = 2147483647;
			files = (
				CB3FE4C416C2692900EEE394 /* Default.png in Resources */,
				CB3FE4C616C2692900EEE394 /* Default@2x.png in Resources */,
				CB3FE4C816C2692900EEE394 /* Default-568h@2x.png in Resources */,
				CB3FE4CA16C2692900EEE394 /* Default-Landscape~ipad.png in Resources */,
				CB3FE4CC16C2692900EEE394 /* Icon-72.png in Resources */,
				CB3FE4CE16C2692900EEE394 /* Icon-Small-50.png in Resources */,
				CB3FE4D016C2692900EEE394 /* Icon-Small.png in Resources */,
				CB3FE4D216C2692900EEE394 /* Icon-Small@2x.png in Resources */,
				CB3FE4D416C2692900EEE394 /* Icon.png in Resources */,
				CB3FE4D616C2692900EEE394 /* Icon@2x.png in Resources */,
				CB3FE4D916C2692900EEE394 /* iTunesArtwork in Resources */,
				CB3FE68B16C26C0200EEE394 /* hit.caf in Resources */,
				CB3FE68C16C26C0200EEE394 /* meta_tiles.png in Resources */,
				CB3FE68D16C26C0200EEE394 /* move.caf in Resources */,
				CB3FE68E16C26C0200EEE394 /* pickup.caf in Resources */,
				CB3FE68F16C26C0200EEE394 /* Player.png in Resources */,
				CB3FE69016C26C0200EEE394 /* TileMap.caf in Resources */,
				CB3FE69116C26C0200EEE394 /* tmw_desert_spacing.png in Resources */,
			);
			runOnlyForDeploymentPostprocessing = 0;
		};
/* End PBXResourcesBuildPhase section */

/* Begin PBXSourcesBuildPhase section */
		CB3FE4A816C2692900EEE394 /* Sources */ = {
			isa = PBXSourcesBuildPhase;
			buildActionMask = 2147483647;
			files = (
				CB3FE64E16C2692A00EEE394 /* main.m in Sources */,
				CB3FE65116C2692A00EEE394 /* AppDelegate.m in Sources */,
				CB3FE65416C2692A00EEE394 /* HelloWorldLayer.m in Sources */,
				CB3FE65716C2692A00EEE394 /* IntroLayer.m in Sources */,
			);
			runOnlyForDeploymentPostprocessing = 0;
		};
/* End PBXSourcesBuildPhase section */

/* Begin XCBuildConfiguration section */
		CB3FE65816C2692A00EEE394 /* Debug */ = {
			isa = XCBuildConfiguration;
			buildSettings = {
				ARCHS = "$(ARCHS_STANDARD_32_BIT)";
				"CODE_SIGN_IDENTITY[sdk=iphoneos*]" = "iPhone Developer";
				GCC_C_LANGUAGE_STANDARD = gnu99;
				GCC_OPTIMIZATION_LEVEL = 0;
				GCC_PREPROCESSOR_DEFINITIONS = (
					DEBUG,
					"COCOS2D_DEBUG=1",
				);
				GCC_SYMBOLS_PRIVATE_EXTERN = NO;
				GCC_VERSION = com.apple.compilers.llvm.clang.1_0;
				GCC_WARN_ABOUT_RETURN_TYPE = YES;
				GCC_WARN_UNUSED_VARIABLE = YES;
				IPHONEOS_DEPLOYMENT_TARGET = 4.0;
				SDKROOT = iphoneos;
				TARGETED_DEVICE_FAMILY = "1,2";
			};
			name = Debug;
		};
		CB3FE65916C2692A00EEE394 /* Release */ = {
			isa = XCBuildConfiguration;
			buildSettings = {
				ARCHS = "$(ARCHS_STANDARD_32_BIT)";
				"CODE_SIGN_IDENTITY[sdk=iphoneos*]" = "iPhone Developer";
				GCC_C_LANGUAGE_STANDARD = gnu99;
				GCC_PREPROCESSOR_DEFINITIONS = (
					NDEBUG,
					"NS_BLOCK_ASSERTIONS=1",
				);
				GCC_VERSION = com.apple.compilers.llvm.clang.1_0;
				GCC_WARN_ABOUT_RETURN_TYPE = YES;
				GCC_WARN_UNUSED_VARIABLE = YES;
				IPHONEOS_DEPLOYMENT_TARGET = 4.0;
				SDKROOT = iphoneos;
				TARGETED_DEVICE_FAMILY = "1,2";
			};
			name = Release;
		};
		CB3FE65B16C2692A00EEE394 /* Debug */ = {
			isa = XCBuildConfiguration;
			buildSettings = {
				ALWAYS_SEARCH_USER_PATHS = YES;
				CLANG_ENABLE_OBJC_ARC = YES;
				COPY_PHASE_STRIP = NO;
				GCC_DYNAMIC_NO_PIC = NO;
				GCC_PRECOMPILE_PREFIX_HEADER = YES;
				GCC_PREFIX_HEADER = TileGame/Prefix.pch;
				HEADER_SEARCH_PATHS = "\"TileGame/libs/kazmath/include\"";
				INFOPLIST_FILE = TileGame/Resources/Info.plist;
				OTHER_LDFLAGS = (
					"-lz",
					"-lsqlite3",
					"-ObjC",
				);
				PRODUCT_NAME = "$(TARGET_NAME)";
				USER_HEADER_SEARCH_PATHS = "~/Downloads/cocos2d-iphone-2.1-rc0/**";
				WRAPPER_EXTENSION = app;
			};
			name = Debug;
		};
		CB3FE65C16C2692A00EEE394 /* Release */ = {
			isa = XCBuildConfiguration;
			buildSettings = {
				ALWAYS_SEARCH_USER_PATHS = YES;
				CLANG_ENABLE_OBJC_ARC = YES;
				COPY_PHASE_STRIP = YES;
				GCC_PRECOMPILE_PREFIX_HEADER = YES;
				GCC_PREFIX_HEADER = TileGame/Prefix.pch;
				HEADER_SEARCH_PATHS = "\"TileGame/libs/kazmath/include\"";
				INFOPLIST_FILE = TileGame/Resources/Info.plist;
				OTHER_LDFLAGS = (
					"-lz",
					"-lsqlite3",
					"-ObjC",
				);
				PRODUCT_NAME = "$(TARGET_NAME)";
				USER_HEADER_SEARCH_PATHS = "~/Downloads/cocos2d-iphone-2.1-rc0/**";
				VALIDATE_PRODUCT = YES;
				WRAPPER_EXTENSION = app;
			};
			name = Release;
		};
/* End XCBuildConfiguration section */

/* Begin XCConfigurationList section */
		CB3FE4A716C2692900EEE394 /* Build configuration list for PBXProject "TileGame" */ = {
			isa = XCConfigurationList;
			buildConfigurations = (
				CB3FE65816C2692A00EEE394 /* Debug */,
				CB3FE65916C2692A00EEE394 /* Release */,
			);
			defaultConfigurationIsVisible = 0;
			defaultConfigurationName = Release;
		};
		CB3FE65A16C2692A00EEE394 /* Build configuration list for PBXNativeTarget "TileGame" */ = {
			isa = XCConfigurationList;
			buildConfigurations = (
				CB3FE65B16C2692A00EEE394 /* Debug */,
				CB3FE65C16C2692A00EEE394 /* Release */,
			);
			defaultConfigurationIsVisible = 0;
		};
/* End XCConfigurationList section */
	};
	rootObject = CB3FE4A416C2692900EEE394 /* Project object */;
}
